
Microsoft Visual Studio Solution File, Format Version 12.00
# Visual Studio Version 16
VisualStudioVersion = 16.0.31911.196
MinimumVisualStudioVersion = 10.0.40219.1
Project("{FAE04EC0-301F-11D3-BF4B-00C04F79EFBC}") = "PartialPageRefresh", "PartialPageRefresh\PartialPageRefresh.csproj", "{27466D9B-41C8-4D0C-A8E0-36D60DE9C107}"
EndProject
Global
	GlobalSection(SolutionConfigurationPlatforms) = preSolution
		Debug|Any CPU = Debug|Any CPU
		Release|Any CPU = Release|Any CPU
	EndGlobalSection
	GlobalSection(ProjectConfigurationPlatforms) = postSolution
		{27466D9B-41C8-4D0C-A8E0-36D60DE9C107}.Debug|Any CPU.ActiveCfg = Debug|Any CPU
		{27466D9B-41C8-4D0C-A8E0-36D60DE9C107}.Debug|Any CPU.Build.0 = Debug|Any CPU
		{27466D9B-41C8-4D0C-A8E0-36D60DE9C107}.Release|Any CPU.ActiveCfg = Release|Any CPU
		{27466D9B-41C8-4D0C-A8E0-36D60DE9C107}.Release|Any CPU.Build.0 = Release|Any CPU
	EndGlobalSection
	GlobalSection(SolutionProperties) = preSolution
		HideSolutionNode = FALSE
	EndGlobalSection
	GlobalSection(ExtensibilityGlobals) = postSolution
		SolutionGuid = {A2E57B3A-648A-4B40-B3B1-DE3AD87A3464}
	EndGlobalSection
EndGlobal
